{
  "name": "x-route-builder",
  "version": "1.0.0",
  "lockfileVersion": 2,
  "requires": true,
  "packages": {
    "": {
      "name": "x-route-builder",
      "version": "1.0.0",
      "license": "MIT",
      "dependencies": {
        "chroma-palette": "^1.2.2"
      }
    },
    "node_modules/chroma-palette": {
      "version": "1.2.2",
      "resolved": "https://registry.npmjs.org/chroma-palette/-/chroma-palette-1.2.2.tgz",
      "integrity": "sha512-Ca53tmyyMQtEy4Q7ottVqpxZakz+NCpDyLhd2CdSVG4aBVuqdoS28JymSev+UgtrZKxQt4SKPWiKBf4hU+pk5g=="
    }
  },
  "dependencies": {
    "chroma-palette": {
      "version": "1.2.2",
      "resolved": "https://registry.npmjs.org/chroma-palette/-/chroma-palette-1.2.2.tgz",
      "integrity": "sha512-Ca53tmyyMQtEy4Q7ottVqpxZakz+NCpDyLhd2CdSVG4aBVuqdoS28JymSev+UgtrZKxQt4SKPWiKBf4hU+pk5g=="
    }
  }
}
